{
  "requires": true,
  "lockfileVersion": 1,
  "dependencies": {
    "use-max-cpu": {
      "version": "2.0.0",
      "resolved": "https://registry.npmjs.org/use-max-cpu/-/use-max-cpu-2.0.0.tgz",
      "integrity": "sha512-wkCRG7rRwR3JGhVL4cE5SWzNwlkg3lbtmO+cM8Cg+3J+3Q2by0rDnZAP/C+EbuQ4E5G9DEzRJ/fdI5G4yMPeTg=="
    }
  }
}
